<?xml version="1.0" encoding="utf-8"?>
<Project ToolsVersion="4.0" xmlns="http://schemas.microsoft.com/developer/msbuild/2003">
  <ItemGroup>
    <Filter Include="tests">
      <UniqueIdentifier>{3b6c95cb-c5c2-46c4-bad8-337e9863a850}</UniqueIdentifier>
    </Filter>
    <Filter Include="util">
      <UniqueIdentifier>{2d0ce3a4-80aa-4183-8646-b9638168e8f2}</UniqueIdentifier>
    </Filter>
    <Filter Include="CVP">
      <UniqueIdentifier>{1aa895d5-6027-45e2-8ac2-2637af3246d4}</UniqueIdentifier>
    </Filter>
    <Filter Include="global">
      <UniqueIdentifier>{93995380-89BD-4b04-88EB-625FBE52EBFB}</UniqueIdentifier>
      <Extensions>h;hh;hpp;hxx;hm;inl;inc;xsd</Extensions>
    </Filter>
    <Filter Include="FDK">
      <UniqueIdentifier>{f174c337-cdd4-4305-a761-ea7370e40dcc}</UniqueIdentifier>
    </Filter>
    <Filter Include="interface">
      <UniqueIdentifier>{1453e4f2-9eee-4f05-9107-40ecab93c3f8}</UniqueIdentifier>
    </Filter>
    <Filter Include="FP">
      <UniqueIdentifier>{dfca4305-4438-4c52-bac8-dcaea329e48b}</UniqueIdentifier>
    </Filter>
    <Filter Include="Filter">
      <UniqueIdentifier>{92f9651c-d67e-4a83-a0a4-35bef4ea0fd7}</UniqueIdentifier>
    </Filter>
    <Filter Include="Filter\detail">
      <UniqueIdentifier>{6e460dcd-c463-4a99-a609-ab8e5268000f}</UniqueIdentifier>
    </Filter>
    <Filter Include="FDK\pw">
      <UniqueIdentifier>{2190d0aa-606d-4766-b676-87092a292a5c}</UniqueIdentifier>
    </Filter>
    <Filter Include="FDK\flt">
      <UniqueIdentifier>{c795a6d0-d9a2-4d39-83e4-c838b99ea445}</UniqueIdentifier>
    </Filter>
    <Filter Include="FDK\ctx">
      <UniqueIdentifier>{a5f742fa-5ec0-40f8-b54b-838db3b5cb23}</UniqueIdentifier>
    </Filter>
    <Filter Include="FDK\bp">
      <UniqueIdentifier>{d20bcdc7-8d3f-43e8-99b2-d764c7f38bf0}</UniqueIdentifier>
    </Filter>
    <Filter Include="FDK\flt\detail">
      <UniqueIdentifier>{ba52cd74-297d-4e20-b104-8b59623da93b}</UniqueIdentifier>
    </Filter>
    <Filter Include="FDK\pw\detail">
      <UniqueIdentifier>{c1620dde-29a0-40eb-9894-c32cad056fdf}</UniqueIdentifier>
    </Filter>
    <Filter Include="FDK\pk">
      <UniqueIdentifier>{94eab4a3-14f5-4b82-90c4-c7ced42f5740}</UniqueIdentifier>
    </Filter>
    <Filter Include="FDK\pk\detail">
      <UniqueIdentifier>{f294f2e1-32f3-4f1d-8f42-cb617ba280e6}</UniqueIdentifier>
    </Filter>
    <Filter Include="FDK\bp\detail">
      <UniqueIdentifier>{199f1638-b892-4f92-ae38-ef27790aa4e4}</UniqueIdentifier>
    </Filter>
    <Filter Include="Filter\fft">
      <UniqueIdentifier>{74ef26c2-25d8-451b-bee0-9f75f354904f}</UniqueIdentifier>
    </Filter>
    <Filter Include="FP\detail">
      <UniqueIdentifier>{3d2f1779-d877-4df9-a74c-73d42551d79b}</UniqueIdentifier>
    </Filter>
    <Filter Include="BP">
      <UniqueIdentifier>{c33131ae-7ed4-437d-8972-1a9b637c2ce9}</UniqueIdentifier>
    </Filter>
  </ItemGroup>
  <ItemGroup>
    <CudaCompile Include="FDK\cuh\YkFDKBpKernels.cu">
      <Filter>FDK\bp\detail</Filter>
    </CudaCompile>
    <CudaCompile Include="FDK\cuh\YkFDKBpPrecompute.cu">
      <Filter>FDK\bp\detail</Filter>
    </CudaCompile>
    <CudaCompile Include="FDK\cuh\YkFDKFilterKernels.cu">
      <Filter>FDK\flt\detail</Filter>
    </CudaCompile>
    <CudaCompile Include="FDK\cuh\YkFDKParkerKernels.cu">
      <Filter>FDK\pk\detail</Filter>
    </CudaCompile>
    <CudaCompile Include="FDK\cuh\YkFDKPreWeightKernels.cu">
      <Filter>FDK\pw\detail</Filter>
    </CudaCompile>
    <CudaCompile Include="Filter\YkCreateFilterKernelKernels.cu">
      <Filter>Filter\detail</Filter>
    </CudaCompile>
    <CudaCompile Include="Filter\YkConvKernels.cu">
      <Filter>Filter\fft</Filter>
    </CudaCompile>
    <CudaCompile Include="test_fp.cu" />
    <CudaCompile Include="test_fp1.cu" />
    <CudaCompile Include="FP\kernels\YkFPKernels.cu">
      <Filter>FP\detail</Filter>
    </CudaCompile>
    <CudaCompile Include="FP\kernels\YkFPSiddonKernel.cu">
      <Filter>FP\detail</Filter>
    </CudaCompile>
    <CudaCompile Include="FP\kernels\YkFPCVPKernels.cu">
      <Filter>FP\detail</Filter>
    </CudaCompile>
  </ItemGroup>
  <ItemGroup>
    <ClInclude Include="CVP\cvp_back.cuh">
      <Filter>CVP</Filter>
    </ClInclude>
    <ClInclude Include="CVP\cvp_forward.cuh">
      <Filter>CVP</Filter>
    </ClInclude>
    <ClInclude Include="CVP\cvp_geometry.cuh">
      <Filter>CVP</Filter>
    </ClInclude>
    <ClInclude Include="Filter\YkCreateFilterKernel.cuh">
      <Filter>Filter</Filter>
    </ClInclude>
    <ClInclude Include="Filter\YkCreateFilterKernelFFT.hpp">
      <Filter>Filter</Filter>
    </ClInclude>
    <ClInclude Include="Filter\YkCreateFilterKernelHelpers.cuh">
      <Filter>Filter\detail</Filter>
    </ClInclude>
    <ClInclude Include="FDK\YkFDKFilter.cuh">
      <Filter>FDK\flt</Filter>
    </ClInclude>
    <ClInclude Include="FDK\YkFDKFilterProcessor.hpp">
      <Filter>FDK\flt</Filter>
    </ClInclude>
    <ClInclude Include="FDK\cuh\YkFDKFilterHelpers.cuh">
      <Filter>FDK\flt\detail</Filter>
    </ClInclude>
    <ClInclude Include="FDK\cuh\YkFDKFilterLaunch.cuh">
      <Filter>FDK\flt\detail</Filter>
    </ClInclude>
    <ClInclude Include="FDK\cuh\YkFDKPreWeightHelpers.cuh">
      <Filter>FDK\pw\detail</Filter>
    </ClInclude>
    <ClInclude Include="FDK\cuh\YkFDKPreWeightLaunch.cuh">
      <Filter>FDK\pw\detail</Filter>
    </ClInclude>
    <ClInclude Include="FDK\cuh\YkFDKParkerHelpers.cuh">
      <Filter>FDK\pk\detail</Filter>
    </ClInclude>
    <ClInclude Include="FDK\cuh\YkFDKParkerLaunch.cuh">
      <Filter>FDK\pk\detail</Filter>
    </ClInclude>
    <ClInclude Include="FDK\YkFDKPreWeight.cuh">
      <Filter>FDK\pw</Filter>
    </ClInclude>
    <ClInclude Include="FDK\YkFDKPreWeightProcessor.hpp">
      <Filter>FDK\pw</Filter>
    </ClInclude>
    <ClInclude Include="FDK\YkFDKParkerWeight.cuh">
      <Filter>FDK\pk</Filter>
    </ClInclude>
    <ClInclude Include="FDK\YkFDKParkerWeightProcessor.hpp">
      <Filter>FDK\pk</Filter>
    </ClInclude>
    <ClInclude Include="FDK\cuh\YkFDKBpHelpers.cuh">
      <Filter>FDK\bp\detail</Filter>
    </ClInclude>
    <ClInclude Include="FDK\cuh\YkFDKBpLaunch.cuh">
      <Filter>FDK\bp\detail</Filter>
    </ClInclude>
    <ClInclude Include="FDK\YkBackProjectProcessor.hpp">
      <Filter>FDK\bp</Filter>
    </ClInclude>
    <ClInclude Include="FDK\YkFDKBackProject.cuh">
      <Filter>FDK\bp</Filter>
    </ClInclude>
    <ClInclude Include="FDK\YkFdkReconstructor.hpp">
      <Filter>FDK</Filter>
    </ClInclude>
    <ClInclude Include="Filter\YkConv.hpp">
      <Filter>Filter\fft</Filter>
    </ClInclude>
    <ClInclude Include="Filter\YkFFT.hpp">
      <Filter>Filter\fft</Filter>
    </ClInclude>
    <ClInclude Include="global\IProcessor.hpp">
      <Filter>global</Filter>
    </ClInclude>
    <ClInclude Include="global\YkCBCTParams.h">
      <Filter>global</Filter>
    </ClInclude>
    <ClInclude Include="global\YkDataObj.hpp">
      <Filter>global</Filter>
    </ClInclude>
    <ClInclude Include="global\YkGlobals.h">
      <Filter>global</Filter>
    </ClInclude>
    <ClInclude Include="global\YkMacro.hpp">
      <Filter>global</Filter>
    </ClInclude>
    <ClInclude Include="global\YkMem3d.hpp">
      <Filter>global</Filter>
    </ClInclude>
    <ClInclude Include="FDK\YkFDKGpuContext.hpp">
      <Filter>FDK\ctx</Filter>
    </ClInclude>
    <ClInclude Include="FDK\YkFdkPipelineContext.hpp">
      <Filter>FDK\ctx</Filter>
    </ClInclude>
    <ClInclude Include="FDK\YkFDKVecGeoDerived.hpp">
      <Filter>FDK\ctx</Filter>
    </ClInclude>
    <ClInclude Include="FDK\YkVecGeo.hpp">
      <Filter>FDK\ctx</Filter>
    </ClInclude>
    <ClInclude Include="FDK\YkFdkTaskHandle.hpp">
      <Filter>FDK</Filter>
    </ClInclude>
    <ClInclude Include="util\YkCudaTimer.hpp">
      <Filter>util</Filter>
    </ClInclude>
    <ClInclude Include="util\YkIoDump.hpp">
      <Filter>util</Filter>
    </ClInclude>
    <ClInclude Include="util\YkMiniMHA.h">
      <Filter>util</Filter>
    </ClInclude>
    <ClInclude Include="util\YkSampling2D.hpp">
      <Filter>util</Filter>
    </ClInclude>
    <ClInclude Include="util\YKUtil.hpp">
      <Filter>util</Filter>
    </ClInclude>
    <ClInclude Include="util\YkVecOperation.hpp">
      <Filter>util</Filter>
    </ClInclude>
    <ClInclude Include="FDK\cuh\YkFDKBpPrecompute.cuh">
      <Filter>FDK\bp\detail</Filter>
    </ClInclude>
    <ClInclude Include="Filter\YkCreateFilterKernelLaunch.cuh">
      <Filter>Filter\detail</Filter>
    </ClInclude>
    <ClInclude Include="test\Yktest_dataobject.hpp">
      <Filter>tests</Filter>
    </ClInclude>
    <ClInclude Include="test\Yktest_fdkflter.hpp">
      <Filter>tests</Filter>
    </ClInclude>
    <ClInclude Include="test\Yktest_fft.hpp">
      <Filter>tests</Filter>
    </ClInclude>
    <ClInclude Include="test\Yktest_mem3d.hpp">
      <Filter>tests</Filter>
    </ClInclude>
    <ClInclude Include="test\YKtestconv.hpp">
      <Filter>tests</Filter>
    </ClInclude>
    <ClInclude Include="global\YkWarpStrideCtx.cuh">
      <Filter>global</Filter>
    </ClInclude>
    <ClInclude Include="global\YkLog.h">
      <Filter>global</Filter>
    </ClInclude>
    <ClInclude Include="global\YkCudaTextureController.hpp">
      <Filter>global</Filter>
    </ClInclude>
    <ClInclude Include="FP\kernels\YkFPHelpers.cuh">
      <Filter>FP\detail</Filter>
    </ClInclude>
    <ClInclude Include="FP\kernels\YkFPLaunch.cuh">
      <Filter>FP\detail</Filter>
    </ClInclude>
    <ClInclude Include="FP\kernels\YkFPSiddonLaunch.cuh">
      <Filter>FP\detail</Filter>
    </ClInclude>
    <ClInclude Include="FP\YkFPGpuContext.hpp">
      <Filter>FP</Filter>
    </ClInclude>
    <ClInclude Include="FP\YkFPRunner.hpp">
      <Filter>FP</Filter>
    </ClInclude>
    <ClInclude Include="FP\kernels\YkFPCVPHelpers.cuh">
      <Filter>FP\detail</Filter>
    </ClInclude>
    <ClInclude Include="FP\kernels\YkFPCVPLaunch.cuh">
      <Filter>FP\detail</Filter>
    </ClInclude>
    <ClInclude Include="FP\YkFPCommon.cuh">
      <Filter>FP\detail</Filter>
    </ClInclude>
    <ClInclude Include="FP\YkFpTaskHandle.hpp">
      <Filter>FP</Filter>
    </ClInclude>
    <ClInclude Include="interface\IYkTask.hpp">
      <Filter>interface</Filter>
    </ClInclude>
    <ClInclude Include="interface\YkTaskFactory.hpp">
      <Filter>interface</Filter>
    </ClInclude>
    <ClInclude Include="interface\YkTaskTypes.hpp">
      <Filter>interface</Filter>
    </ClInclude>
    <ClInclude Include="util\helper_math.h">
      <Filter>util</Filter>
    </ClInclude>
    <ClInclude Include="FP\YkFp.cuh">
      <Filter>FP</Filter>
    </ClInclude>
    <ClInclude Include="BP\YkBPRunner.hpp">
      <Filter>BP</Filter>
    </ClInclude>
    <ClInclude Include="BP\YkBPGpuContext.hpp">
      <Filter>BP</Filter>
    </ClInclude>
  </ItemGroup>
  <ItemGroup>
    <ClCompile Include="util\YkIoDump.cpp">
      <Filter>util</Filter>
    </ClCompile>
    <ClCompile Include="global\YkLog.cpp">
      <Filter>global</Filter>
    </ClCompile>
    <ClCompile Include="interface\YkTaskFactory.cpp">
      <Filter>interface</Filter>
    </ClCompile>
    <ClCompile Include="testmain.cpp" />
  </ItemGroup>
</Project>